
Microsoft Visual Studio Solution File, Format Version 12.00
# Visual Studio 15
VisualStudioVersion = 15.0.28307.1401
MinimumVisualStudioVersion = 10.0.40219.1
Project("{FAE04EC0-301F-11D3-BF4B-00C04F79EFBC}") = "diehlAssignment3", "diehlAssignment3\diehlAssignment3.csproj", "{DBA4AA4E-E209-41A5-B94D-D9924CFA2A02}"
EndProject
Global
	GlobalSection(SolutionConfigurationPlatforms) = preSolution
		Debug|Any CPU = Debug|Any CPU
		Release|Any CPU = Release|Any CPU
	EndGlobalSection
	GlobalSection(ProjectConfigurationPlatforms) = postSolution
		{DBA4AA4E-E209-41A5-B94D-D9924CFA2A02}.Debug|Any CPU.ActiveCfg = Debug|Any CPU
		{DBA4AA4E-E209-41A5-B94D-D9924CFA2A02}.Debug|Any CPU.Build.0 = Debug|Any CPU
		{DBA4AA4E-E209-41A5-B94D-D9924CFA2A02}.Release|Any CPU.ActiveCfg = Release|Any CPU
		{DBA4AA4E-E209-41A5-B94D-D9924CFA2A02}.Release|Any CPU.Build.0 = Release|Any CPU
	EndGlobalSection
	GlobalSection(SolutionProperties) = preSolution
		HideSolutionNode = FALSE
	EndGlobalSection
	GlobalSection(ExtensibilityGlobals) = postSolution
		SolutionGuid = {EB6046A1-3DE1-445C-9A7A-9438C1400D86}
	EndGlobalSection
EndGlobal
